
Microsoft Visual Studio Solution File, Format Version 12.00
# Visual Studio 15
Project("{FAE04EC0-301F-11D3-BF4B-00C04F79EFBC}") = "Assembly-CSharp", "Assembly-CSharp.csproj", "{4D362069-9F44-4DA3-7D48-19117520B270}"
EndProject
Project("{FAE04EC0-301F-11D3-BF4B-00C04F79EFBC}") = "NativeShare.Editor", "NativeShare.Editor.csproj", "{EB6C5A6C-D410-43BF-70BF-F73BEAB2D7E5}"
EndProject
Project("{FAE04EC0-301F-11D3-BF4B-00C04F79EFBC}") = "Assembly-CSharp-firstpass", "Assembly-CSharp-firstpass.csproj", "{6F8B1903-DFB9-A69A-363A-F582368060B2}"
EndProject
Project("{FAE04EC0-301F-11D3-BF4B-00C04F79EFBC}") = "NativeShare.Runtime", "NativeShare.Runtime.csproj", "{FF2A4BB4-C481-5849-BA93-1B2F8F3C2290}"
EndProject
Project("{FAE04EC0-301F-11D3-BF4B-00C04F79EFBC}") = "Assembly-CSharp-Editor", "Assembly-CSharp-Editor.csproj", "{3A54754D-54FE-35D8-5E44-A3032AAA6D1A}"
EndProject
Global
	GlobalSection(SolutionConfigurationPlatforms) = preSolution
		Debug|Any CPU = Debug|Any CPU
		Release|Any CPU = Release|Any CPU
	EndGlobalSection
	GlobalSection(ProjectConfigurationPlatforms) = postSolution
		{4D362069-9F44-4DA3-7D48-19117520B270}.Debug|Any CPU.ActiveCfg = Debug|Any CPU
		{4D362069-9F44-4DA3-7D48-19117520B270}.Debug|Any CPU.Build.0 = Debug|Any CPU
		{4D362069-9F44-4DA3-7D48-19117520B270}.Release|Any CPU.ActiveCfg = Release|Any CPU
		{4D362069-9F44-4DA3-7D48-19117520B270}.Release|Any CPU.Build.0 = Release|Any CPU
		{EB6C5A6C-D410-43BF-70BF-F73BEAB2D7E5}.Debug|Any CPU.ActiveCfg = Debug|Any CPU
		{EB6C5A6C-D410-43BF-70BF-F73BEAB2D7E5}.Debug|Any CPU.Build.0 = Debug|Any CPU
		{EB6C5A6C-D410-43BF-70BF-F73BEAB2D7E5}.Release|Any CPU.ActiveCfg = Release|Any CPU
		{EB6C5A6C-D410-43BF-70BF-F73BEAB2D7E5}.Release|Any CPU.Build.0 = Release|Any CPU
		{6F8B1903-DFB9-A69A-363A-F582368060B2}.Debug|Any CPU.ActiveCfg = Debug|Any CPU
		{6F8B1903-DFB9-A69A-363A-F582368060B2}.Debug|Any CPU.Build.0 = Debug|Any CPU
		{6F8B1903-DFB9-A69A-363A-F582368060B2}.Release|Any CPU.ActiveCfg = Release|Any CPU
		{6F8B1903-DFB9-A69A-363A-F582368060B2}.Release|Any CPU.Build.0 = Release|Any CPU
		{FF2A4BB4-C481-5849-BA93-1B2F8F3C2290}.Debug|Any CPU.ActiveCfg = Debug|Any CPU
		{FF2A4BB4-C481-5849-BA93-1B2F8F3C2290}.Debug|Any CPU.Build.0 = Debug|Any CPU
		{FF2A4BB4-C481-5849-BA93-1B2F8F3C2290}.Release|Any CPU.ActiveCfg = Release|Any CPU
		{FF2A4BB4-C481-5849-BA93-1B2F8F3C2290}.Release|Any CPU.Build.0 = Release|Any CPU
		{3A54754D-54FE-35D8-5E44-A3032AAA6D1A}.Debug|Any CPU.ActiveCfg = Debug|Any CPU
		{3A54754D-54FE-35D8-5E44-A3032AAA6D1A}.Debug|Any CPU.Build.0 = Debug|Any CPU
		{3A54754D-54FE-35D8-5E44-A3032AAA6D1A}.Release|Any CPU.ActiveCfg = Release|Any CPU
		{3A54754D-54FE-35D8-5E44-A3032AAA6D1A}.Release|Any CPU.Build.0 = Release|Any CPU
	EndGlobalSection
	GlobalSection(SolutionProperties) = preSolution
		HideSolutionNode = FALSE
	EndGlobalSection
EndGlobal
